# THIS IS AN AUTOGENERATED FILE. DO NOT EDIT THIS FILE DIRECTLY.
# yarn lockfile v1


"@openzeppelin/contracts@3.4.2-solc-0.7":
  version "3.4.2-solc-0.7"
  resolved "https://registry.yarnpkg.com/@openzeppelin/contracts/-/contracts-3.4.2-solc-0.7.tgz#38f4dbab672631034076ccdf2f3201fab1726635"
  integrity sha512-W6QmqgkADuFcTLzHL8vVoNBtkwjvQRpYIAom7KiUNoLKghyx3FgH0GBjt8NRvigV1ZmMOBllvE1By1C+bi8WpA==

"@openzeppelin/contracts@^5.0.2":
  version "5.0.2"
  resolved "https://registry.yarnpkg.com/@openzeppelin/contracts/-/contracts-5.0.2.tgz#b1d03075e49290d06570b2fd42154d76c2a5d210"
  integrity sha512-ytPc6eLGcHHnapAZ9S+5qsdomhjo6QBHTDRRBFfTxXIpsicMhVPouPgmUPebZZZGX7vt9USA+Z+0M0dSVtSUEA==

"@solidity-parser/parser@^0.17.0":
  version "0.17.0"
  resolved "https://registry.yarnpkg.com/@solidity-parser/parser/-/parser-0.17.0.tgz#52a2fcc97ff609f72011014e4c5b485ec52243ef"
  integrity sha512-Nko8R0/kUo391jsEHHxrGM07QFdnPGvlmox4rmH0kNiNAashItAilhy4Mv4pK5gQmW5f4sXAF58fwJbmlkGcVw==

"@uniswap/lib@^4.0.1-alpha":
  version "4.0.1-alpha"
  resolved "https://registry.yarnpkg.com/@uniswap/lib/-/lib-4.0.1-alpha.tgz#2881008e55f075344675b3bca93f020b028fbd02"
  integrity sha512-f6UIliwBbRsgVLxIaBANF6w09tYqc6Y/qXdsrbEmXHyFA7ILiKrIwRFXe1yOg8M3cksgVsO9N7yuL2DdCGQKBA==

"@uniswap/v2-core@^1.0.1":
  version "1.0.1"
  resolved "https://registry.yarnpkg.com/@uniswap/v2-core/-/v2-core-1.0.1.tgz#af8f508bf183204779938969e2e54043e147d425"
  integrity sha512-MtybtkUPSyysqLY2U210NBDeCHX+ltHt3oADGdjqoThZaFRDKwM6k1Nb3F0A3hk5hwuQvytFWhrWHOEq6nVJ8Q==

"@uniswap/v3-core@^1.0.0", "@uniswap/v3-core@^1.0.1":
  version "1.0.1"
  resolved "https://registry.yarnpkg.com/@uniswap/v3-core/-/v3-core-1.0.1.tgz#b6d2bdc6ba3c3fbd610bdc502395d86cd35264a0"
  integrity sha512-7pVk4hEm00j9tc71Y9+ssYpO6ytkeI0y7WE9P6UcmNzhxPePwyAxImuhVsTqWK9YFvzgtvzJHi64pBl4jUzKMQ==

"@uniswap/v3-periphery@^1.4.4":
  version "1.4.4"
  resolved "https://registry.yarnpkg.com/@uniswap/v3-periphery/-/v3-periphery-1.4.4.tgz#d2756c23b69718173c5874f37fd4ad57d2f021b7"
  integrity sha512-S4+m+wh8HbWSO3DKk4LwUCPZJTpCugIsHrWR86m/OrUyvSqGDTXKFfc2sMuGXCZrD1ZqO3rhQsKgdWg3Hbb2Kw==
  dependencies:
    "@openzeppelin/contracts" "3.4.2-solc-0.7"
    "@uniswap/lib" "^4.0.1-alpha"
    "@uniswap/v2-core" "^1.0.1"
    "@uniswap/v3-core" "^1.0.0"
    base64-sol "1.0.1"

base64-sol@1.0.1:
  version "1.0.1"
  resolved "https://registry.yarnpkg.com/base64-sol/-/base64-sol-1.0.1.tgz#91317aa341f0bc763811783c5729f1c2574600f6"
  integrity sha512-ld3cCNMeXt4uJXmLZBHFGMvVpK9KsLVEhPpFRXnvSVAqABKbuNZg/+dsq3NuM+wxFLb/UrVkz7m1ciWmkMfTbg==

lru-cache@^6.0.0:
  version "6.0.0"
  resolved "https://registry.yarnpkg.com/lru-cache/-/lru-cache-6.0.0.tgz#6d6fe6570ebd96aaf90fcad1dafa3b2566db3a94"
  integrity sha512-Jo6dJ04CmSjuznwJSS3pUeWmd/H0ffTlkXXgwZi+eq1UCmqQwCh+eLsYOYCwY991i2Fah4h1BEMCx4qThGbsiA==
  dependencies:
    yallist "^4.0.0"

prettier-plugin-solidity@^1.3.1:
  version "1.3.1"
  resolved "https://registry.yarnpkg.com/prettier-plugin-solidity/-/prettier-plugin-solidity-1.3.1.tgz#59944d3155b249f7f234dee29f433524b9a4abcf"
  integrity sha512-MN4OP5I2gHAzHZG1wcuJl0FsLS3c4Cc5494bbg+6oQWBPuEamjwDvmGfFMZ6NFzsh3Efd9UUxeT7ImgjNH4ozA==
  dependencies:
    "@solidity-parser/parser" "^0.17.0"
    semver "^7.5.4"
    solidity-comments-extractor "^0.0.8"

prettier@^3.2.5:
  version "3.2.5"
  resolved "https://registry.yarnpkg.com/prettier/-/prettier-3.2.5.tgz#e52bc3090586e824964a8813b09aba6233b28368"
  integrity sha512-3/GWa9aOC0YeD7LUfvOG2NiDyhOWRvt1k+rcKhOuYnMY24iiCphgneUfJDyFXd6rZCAnuLBv6UeAULtrhT/F4A==

semver@^7.5.4:
  version "7.5.4"
  resolved "https://registry.yarnpkg.com/semver/-/semver-7.5.4.tgz#483986ec4ed38e1c6c48c34894a9182dbff68a6e"
  integrity sha512-1bCSESV6Pv+i21Hvpxp3Dx+pSD8lIPt8uVjRrxAUt/nbswYc+tK6Y2btiULjd4+fnq15PX+nqQDC7Oft7WkwcA==
  dependencies:
    lru-cache "^6.0.0"

solady@^0.0.180:
  version "0.0.180"
  resolved "https://registry.yarnpkg.com/solady/-/solady-0.0.180.tgz#d806c84a0bf8b6e3d85a8fb0978980de086ff59e"
  integrity sha512-9QVCyMph+wk78Aq/GxtDAQg7dvNoVWx2dS2Zwf11XlwFKDZ+YJG2lrQsK9NEIth9NOebwjBXAYk4itdwOOE4aw==

solidity-comments-extractor@^0.0.8:
  version "0.0.8"
  resolved "https://registry.yarnpkg.com/solidity-comments-extractor/-/solidity-comments-extractor-0.0.8.tgz#f6e148ab0c49f30c1abcbecb8b8df01ed8e879f8"
  integrity sha512-htM7Vn6LhHreR+EglVMd2s+sZhcXAirB1Zlyrv5zBuTxieCvjfnRpd7iZk75m/u6NOlEyQ94C6TWbBn2cY7w8g==

typescript@^5.4.3:
  version "5.4.3"
  resolved "https://registry.yarnpkg.com/typescript/-/typescript-5.4.3.tgz#5c6fedd4c87bee01cd7a528a30145521f8e0feff"
  integrity sha512-KrPd3PKaCLr78MalgiwJnA25Nm8HAmdwN3mYUYZgG/wizIo9EainNVQI9/yDavtVFRN2h3k8uf3GLHuhDMgEHg==

yallist@^4.0.0:
  version "4.0.0"
  resolved "https://registry.yarnpkg.com/yallist/-/yallist-4.0.0.tgz#9bb92790d9c0effec63be73519e11a35019a3a72"
  integrity sha512-3wdGidZyq5PB084XLES5TpOSRA3wjXAlIWMhum2kRcv/41Sn2emQ0dycQW4uZXLejwKvg6EsvbdlVL+FYEct7A==
